
Microsoft Visual Studio Solution File, Format Version 12.00
# Visual Studio 15
VisualStudioVersion = 15.0.26124.0
MinimumVisualStudioVersion = 15.0.26124.0
Project("{FAE04EC0-301F-11D3-BF4B-00C04F79EFBC}") = "WebApi", "WebApi\WebApi.csproj", "{FA5BC615-0421-4655-AE5F-E1C93119DD96}"
EndProject
Project("{2150E333-8FDC-42A3-9474-1A3956D46DE8}") = "Tests", "Tests", "{AA389410-95D3-454E-80DB-3AA1571BF586}"
EndProject
Project("{FAE04EC0-301F-11D3-BF4B-00C04F79EFBC}") = "WebApi.UnitTests", "Tests\WebApi.UnitTests\WebApi.UnitTests.csproj", "{54B11FF1-6CB0-4FAB-A962-5125BAD32E8D}"
EndProject
Global
	GlobalSection(SolutionConfigurationPlatforms) = preSolution
		Debug|Any CPU = Debug|Any CPU
		Debug|x64 = Debug|x64
		Debug|x86 = Debug|x86
		Release|Any CPU = Release|Any CPU
		Release|x64 = Release|x64
		Release|x86 = Release|x86
	EndGlobalSection
	GlobalSection(SolutionProperties) = preSolution
		HideSolutionNode = FALSE
	EndGlobalSection
	GlobalSection(ProjectConfigurationPlatforms) = postSolution
		{FA5BC615-0421-4655-AE5F-E1C93119DD96}.Debug|Any CPU.ActiveCfg = Debug|Any CPU
		{FA5BC615-0421-4655-AE5F-E1C93119DD96}.Debug|Any CPU.Build.0 = Debug|Any CPU
		{FA5BC615-0421-4655-AE5F-E1C93119DD96}.Debug|x64.ActiveCfg = Debug|Any CPU
		{FA5BC615-0421-4655-AE5F-E1C93119DD96}.Debug|x64.Build.0 = Debug|Any CPU
		{FA5BC615-0421-4655-AE5F-E1C93119DD96}.Debug|x86.ActiveCfg = Debug|Any CPU
		{FA5BC615-0421-4655-AE5F-E1C93119DD96}.Debug|x86.Build.0 = Debug|Any CPU
		{FA5BC615-0421-4655-AE5F-E1C93119DD96}.Release|Any CPU.ActiveCfg = Release|Any CPU
		{FA5BC615-0421-4655-AE5F-E1C93119DD96}.Release|Any CPU.Build.0 = Release|Any CPU
		{FA5BC615-0421-4655-AE5F-E1C93119DD96}.Release|x64.ActiveCfg = Release|Any CPU
		{FA5BC615-0421-4655-AE5F-E1C93119DD96}.Release|x64.Build.0 = Release|Any CPU
		{FA5BC615-0421-4655-AE5F-E1C93119DD96}.Release|x86.ActiveCfg = Release|Any CPU
		{FA5BC615-0421-4655-AE5F-E1C93119DD96}.Release|x86.Build.0 = Release|Any CPU
		{54B11FF1-6CB0-4FAB-A962-5125BAD32E8D}.Debug|Any CPU.ActiveCfg = Debug|Any CPU
		{54B11FF1-6CB0-4FAB-A962-5125BAD32E8D}.Debug|Any CPU.Build.0 = Debug|Any CPU
		{54B11FF1-6CB0-4FAB-A962-5125BAD32E8D}.Debug|x64.ActiveCfg = Debug|Any CPU
		{54B11FF1-6CB0-4FAB-A962-5125BAD32E8D}.Debug|x64.Build.0 = Debug|Any CPU
		{54B11FF1-6CB0-4FAB-A962-5125BAD32E8D}.Debug|x86.ActiveCfg = Debug|Any CPU
		{54B11FF1-6CB0-4FAB-A962-5125BAD32E8D}.Debug|x86.Build.0 = Debug|Any CPU
		{54B11FF1-6CB0-4FAB-A962-5125BAD32E8D}.Release|Any CPU.ActiveCfg = Release|Any CPU
		{54B11FF1-6CB0-4FAB-A962-5125BAD32E8D}.Release|Any CPU.Build.0 = Release|Any CPU
		{54B11FF1-6CB0-4FAB-A962-5125BAD32E8D}.Release|x64.ActiveCfg = Release|Any CPU
		{54B11FF1-6CB0-4FAB-A962-5125BAD32E8D}.Release|x64.Build.0 = Release|Any CPU
		{54B11FF1-6CB0-4FAB-A962-5125BAD32E8D}.Release|x86.ActiveCfg = Release|Any CPU
		{54B11FF1-6CB0-4FAB-A962-5125BAD32E8D}.Release|x86.Build.0 = Release|Any CPU
	EndGlobalSection
	GlobalSection(NestedProjects) = preSolution
		{54B11FF1-6CB0-4FAB-A962-5125BAD32E8D} = {AA389410-95D3-454E-80DB-3AA1571BF586}
	EndGlobalSection
EndGlobal
