
Microsoft Visual Studio Solution File, Format Version 12.00
# Visual Studio Version 16
VisualStudioVersion = 16.0.31624.102
MinimumVisualStudioVersion = 10.0.40219.1
Project("{9A19103F-16F7-4668-BE54-9A1E7A4F7556}") = "MusicStore", "MusicStore\MusicStore.csproj", "{2772A5AB-DF38-410E-B196-F2A6D89D11B0}"
EndProject
Project("{2150E333-8FDC-42A3-9474-1A3956D46DE8}") = "Tests", "Tests", "{FC906DB3-11EB-443C-913E-3361660D1A34}"
EndProject
Project("{FAE04EC0-301F-11D3-BF4B-00C04F79EFBC}") = "MusicStore.UnitTests", "MusicStore.UnitTests\MusicStore.UnitTests.csproj", "{1B9D9BDC-134B-47A3-B948-34925C05B1A4}"
EndProject
Global
	GlobalSection(SolutionConfigurationPlatforms) = preSolution
		Debug|Any CPU = Debug|Any CPU
		Release|Any CPU = Release|Any CPU
	EndGlobalSection
	GlobalSection(ProjectConfigurationPlatforms) = postSolution
		{2772A5AB-DF38-410E-B196-F2A6D89D11B0}.Debug|Any CPU.ActiveCfg = Debug|Any CPU
		{2772A5AB-DF38-410E-B196-F2A6D89D11B0}.Debug|Any CPU.Build.0 = Debug|Any CPU
		{2772A5AB-DF38-410E-B196-F2A6D89D11B0}.Release|Any CPU.ActiveCfg = Release|Any CPU
		{2772A5AB-DF38-410E-B196-F2A6D89D11B0}.Release|Any CPU.Build.0 = Release|Any CPU
		{1B9D9BDC-134B-47A3-B948-34925C05B1A4}.Debug|Any CPU.ActiveCfg = Debug|Any CPU
		{1B9D9BDC-134B-47A3-B948-34925C05B1A4}.Debug|Any CPU.Build.0 = Debug|Any CPU
		{1B9D9BDC-134B-47A3-B948-34925C05B1A4}.Release|Any CPU.ActiveCfg = Release|Any CPU
		{1B9D9BDC-134B-47A3-B948-34925C05B1A4}.Release|Any CPU.Build.0 = Release|Any CPU
	EndGlobalSection
	GlobalSection(SolutionProperties) = preSolution
		HideSolutionNode = FALSE
	EndGlobalSection
	GlobalSection(NestedProjects) = preSolution
		{1B9D9BDC-134B-47A3-B948-34925C05B1A4} = {FC906DB3-11EB-443C-913E-3361660D1A34}
	EndGlobalSection
	GlobalSection(ExtensibilityGlobals) = postSolution
		SolutionGuid = {3F85C11A-FDB1-40A2-98E3-3EA94EAD8C2F}
	EndGlobalSection
EndGlobal
