
Microsoft Visual Studio Solution File, Format Version 12.00
# Visual Studio Version 16
VisualStudioVersion = 16.0.31624.102
MinimumVisualStudioVersion = 10.0.40219.1
Project("{9A19103F-16F7-4668-BE54-9A1E7A4F7556}") = "MovieStore", "MovieStore\MovieStore.csproj", "{C19BB1B5-8516-4188-B606-30A4B4565C28}"
EndProject
Project("{2150E333-8FDC-42A3-9474-1A3956D46DE8}") = "Tests", "Tests", "{7C73F6FF-3C5F-42B2-98BF-4C8C2601A24A}"
EndProject
Project("{FAE04EC0-301F-11D3-BF4B-00C04F79EFBC}") = "MovieStore.UnitTests", "Tests\MovieStore.UnitTests\MovieStore.UnitTests.csproj", "{C625E157-C58F-482B-BBB0-2E4920354A61}"
EndProject
Global
	GlobalSection(SolutionConfigurationPlatforms) = preSolution
		Debug|Any CPU = Debug|Any CPU
		Release|Any CPU = Release|Any CPU
	EndGlobalSection
	GlobalSection(ProjectConfigurationPlatforms) = postSolution
		{C19BB1B5-8516-4188-B606-30A4B4565C28}.Debug|Any CPU.ActiveCfg = Debug|Any CPU
		{C19BB1B5-8516-4188-B606-30A4B4565C28}.Debug|Any CPU.Build.0 = Debug|Any CPU
		{C19BB1B5-8516-4188-B606-30A4B4565C28}.Release|Any CPU.ActiveCfg = Release|Any CPU
		{C19BB1B5-8516-4188-B606-30A4B4565C28}.Release|Any CPU.Build.0 = Release|Any CPU
		{C625E157-C58F-482B-BBB0-2E4920354A61}.Debug|Any CPU.ActiveCfg = Debug|Any CPU
		{C625E157-C58F-482B-BBB0-2E4920354A61}.Debug|Any CPU.Build.0 = Debug|Any CPU
		{C625E157-C58F-482B-BBB0-2E4920354A61}.Release|Any CPU.ActiveCfg = Release|Any CPU
		{C625E157-C58F-482B-BBB0-2E4920354A61}.Release|Any CPU.Build.0 = Release|Any CPU
	EndGlobalSection
	GlobalSection(SolutionProperties) = preSolution
		HideSolutionNode = FALSE
	EndGlobalSection
	GlobalSection(NestedProjects) = preSolution
		{C625E157-C58F-482B-BBB0-2E4920354A61} = {7C73F6FF-3C5F-42B2-98BF-4C8C2601A24A}
	EndGlobalSection
	GlobalSection(ExtensibilityGlobals) = postSolution
		SolutionGuid = {978DCA9F-889F-40AC-A741-AB1F6B6F11EC}
	EndGlobalSection
EndGlobal
